
Microsoft Visual Studio Solution File, Format Version 12.00
# Visual Studio 15
VisualStudioVersion = 15.0.28307.168
MinimumVisualStudioVersion = 10.0.40219.1
Project("{FAE04EC0-301F-11D3-BF4B-00C04F79EFBC}") = "WpfApp1", "WpfApp1\WpfApp1.csproj", "{828E25A7-3C0B-486C-BF3D-90E5A86707AA}"
EndProject
Global
	GlobalSection(SolutionConfigurationPlatforms) = preSolution
		Debug|Any CPU = Debug|Any CPU
		Release|Any CPU = Release|Any CPU
	EndGlobalSection
	GlobalSection(ProjectConfigurationPlatforms) = postSolution
		{828E25A7-3C0B-486C-BF3D-90E5A86707AA}.Debug|Any CPU.ActiveCfg = Debug|Any CPU
		{828E25A7-3C0B-486C-BF3D-90E5A86707AA}.Debug|Any CPU.Build.0 = Debug|Any CPU
		{828E25A7-3C0B-486C-BF3D-90E5A86707AA}.Release|Any CPU.ActiveCfg = Release|Any CPU
		{828E25A7-3C0B-486C-BF3D-90E5A86707AA}.Release|Any CPU.Build.0 = Release|Any CPU
	EndGlobalSection
	GlobalSection(SolutionProperties) = preSolution
		HideSolutionNode = FALSE
	EndGlobalSection
	GlobalSection(ExtensibilityGlobals) = postSolution
		SolutionGuid = {1A6CEBFC-2F5D-4057-BA0C-73A403FDBE95}
	EndGlobalSection
EndGlobal
